// !$*UTF8*$!
{
	archiveVersion = 1;
	classes = {
	};
	objectVersion = 46;
	objects = {

/* Begin PBXBuildFile section */
		C194180617703A2600A512EC /* UIKit.framework in Frameworks */ = {isa = PBXBuildFile; fileRef = C194180517703A2600A512EC /* UIKit.framework */; };
		C194180817703A2600A512EC /* Foundation.framework in Frameworks */ = {isa = PBXBuildFile; fileRef = C194180717703A2600A512EC /* Foundation.framework */; };
		C194180A17703A2600A512EC /* CoreGraphics.framework in Frameworks */ = {isa = PBXBuildFile; fileRef = C194180917703A2600A512EC /* CoreGraphics.framework */; };
		C194181017703A2600A512EC /* InfoPlist.strings in Resources */ = {isa = PBXBuildFile; fileRef = C194180E17703A2600A512EC /* InfoPlist.strings */; };
		C194181217703A2600A512EC /* main.m in Sources */ = {isa = PBXBuildFile; fileRef = C194181117703A2600A512EC /* main.m */; };
		C194181617703A2600A512EC /* AppDelegate.m in Sources */ = {isa = PBXBuildFile; fileRef = C194181517703A2600A512EC /* AppDelegate.m */; };
		C194181817703A2600A512EC /* Default.png in Resources */ = {isa = PBXBuildFile; fileRef = C194181717703A2600A512EC /* Default.png */; };
		C194181A17703A2600A512EC /* Default@2x.png in Resources */ = {isa = PBXBuildFile; fileRef = C194181917703A2600A512EC /* Default@2x.png */; };
		C194181C17703A2600A512EC /* Default-568h@2x.png in Resources */ = {isa = PBXBuildFile; fileRef = C194181B17703A2600A512EC /* Default-568h@2x.png */; };
		C194182417703A2600A512EC /* SenTestingKit.framework in Frameworks */ = {isa = PBXBuildFile; fileRef = C194182317703A2600A512EC /* SenTestingKit.framework */; };
		C194182517703A2600A512EC /* UIKit.framework in Frameworks */ = {isa = PBXBuildFile; fileRef = C194180517703A2600A512EC /* UIKit.framework */; };
		C194182617703A2600A512EC /* Foundation.framework in Frameworks */ = {isa = PBXBuildFile; fileRef = C194180717703A2600A512EC /* Foundation.framework */; };
		C194182E17703A2600A512EC /* InfoPlist.strings in Resources */ = {isa = PBXBuildFile; fileRef = C194182C17703A2600A512EC /* InfoPlist.strings */; };
		C194183117703A2600A512EC /* GSUtils_iOSTests.m in Sources */ = {isa = PBXBuildFile; fileRef = C194183017703A2600A512EC /* GSUtils_iOSTests.m */; };
/* End PBXBuildFile section */

/* Begin PBXContainerItemProxy section */
		C194182717703A2600A512EC /* PBXContainerItemProxy */ = {
			isa = PBXContainerItemProxy;
			containerPortal = C19417FA17703A2500A512EC /* Project object */;
			proxyType = 1;
			remoteGlobalIDString = C194180117703A2500A512EC;
			remoteInfo = GSUtils_iOS;
		};
/* End PBXContainerItemProxy section */

/* Begin PBXFileReference section */
		C194180217703A2500A512EC /* GSUtils_iOS.app */ = {isa = PBXFileReference; explicitFileType = wrapper.application; includeInIndex = 0; path = GSUtils_iOS.app; sourceTree = BUILT_PRODUCTS_DIR; };
		C194180517703A2600A512EC /* UIKit.framework */ = {isa = PBXFileReference; lastKnownFileType = wrapper.framework; name = UIKit.framework; path = System/Library/Frameworks/UIKit.framework; sourceTree = SDKROOT; };
		C194180717703A2600A512EC /* Foundation.framework */ = {isa = PBXFileReference; lastKnownFileType = wrapper.framework; name = Foundation.framework; path = System/Library/Frameworks/Foundation.framework; sourceTree = SDKROOT; };
		C194180917703A2600A512EC /* CoreGraphics.framework */ = {isa = PBXFileReference; lastKnownFileType = wrapper.framework; name = CoreGraphics.framework; path = System/Library/Frameworks/CoreGraphics.framework; sourceTree = SDKROOT; };
		C194180D17703A2600A512EC /* GSUtils_iOS-Info.plist */ = {isa = PBXFileReference; lastKnownFileType = text.plist.xml; path = "GSUtils_iOS-Info.plist"; sourceTree = "<group>"; };
		C194180F17703A2600A512EC /* en */ = {isa = PBXFileReference; lastKnownFileType = text.plist.strings; name = en; path = en.lproj/InfoPlist.strings; sourceTree = "<group>"; };
		C194181117703A2600A512EC /* main.m */ = {isa = PBXFileReference; lastKnownFileType = sourcecode.c.objc; path = main.m; sourceTree = "<group>"; };
		C194181317703A2600A512EC /* GSUtils_iOS-Prefix.pch */ = {isa = PBXFileReference; lastKnownFileType = sourcecode.c.h; path = "GSUtils_iOS-Prefix.pch"; sourceTree = "<group>"; };
		C194181417703A2600A512EC /* AppDelegate.h */ = {isa = PBXFileReference; lastKnownFileType = sourcecode.c.h; path = AppDelegate.h; sourceTree = "<group>"; };
		C194181517703A2600A512EC /* AppDelegate.m */ = {isa = PBXFileReference; lastKnownFileType = sourcecode.c.objc; path = AppDelegate.m; sourceTree = "<group>"; };
		C194181717703A2600A512EC /* Default.png */ = {isa = PBXFileReference; lastKnownFileType = image.png; path = Default.png; sourceTree = "<group>"; };
		C194181917703A2600A512EC /* Default@2x.png */ = {isa = PBXFileReference; lastKnownFileType = image.png; path = "Default@2x.png"; sourceTree = "<group>"; };
		C194181B17703A2600A512EC /* Default-568h@2x.png */ = {isa = PBXFileReference; lastKnownFileType = image.png; path = "Default-568h@2x.png"; sourceTree = "<group>"; };
		C194182217703A2600A512EC /* GSUtils_iOSTests.octest */ = {isa = PBXFileReference; explicitFileType = wrapper.cfbundle; includeInIndex = 0; path = GSUtils_iOSTests.octest; sourceTree = BUILT_PRODUCTS_DIR; };
		C194182317703A2600A512EC /* SenTestingKit.framework */ = {isa = PBXFileReference; lastKnownFileType = wrapper.framework; name = SenTestingKit.framework; path = Library/Frameworks/SenTestingKit.framework; sourceTree = DEVELOPER_DIR; };
		C194182B17703A2600A512EC /* GSUtils_iOSTests-Info.plist */ = {isa = PBXFileReference; lastKnownFileType = text.plist.xml; path = "GSUtils_iOSTests-Info.plist"; sourceTree = "<group>"; };
		C194182D17703A2600A512EC /* en */ = {isa = PBXFileReference; lastKnownFileType = text.plist.strings; name = en; path = en.lproj/InfoPlist.strings; sourceTree = "<group>"; };
		C194182F17703A2600A512EC /* GSUtils_iOSTests.h */ = {isa = PBXFileReference; lastKnownFileType = sourcecode.c.h; path = GSUtils_iOSTests.h; sourceTree = "<group>"; };
		C194183017703A2600A512EC /* GSUtils_iOSTests.m */ = {isa = PBXFileReference; lastKnownFileType = sourcecode.c.objc; path = GSUtils_iOSTests.m; sourceTree = "<group>"; };
/* End PBXFileReference section */

/* Begin PBXFrameworksBuildPhase section */
		C19417FF17703A2500A512EC /* Frameworks */ = {
			isa = PBXFrameworksBuildPhase;
			buildActionMask = 2147483647;
			files = (
				C194180617703A2600A512EC /* UIKit.framework in Frameworks */,
				C194180817703A2600A512EC /* Foundation.framework in Frameworks */,
				C194180A17703A2600A512EC /* CoreGraphics.framework in Frameworks */,
			);
			runOnlyForDeploymentPostprocessing = 0;
		};
		C194181E17703A2600A512EC /* Frameworks */ = {
			isa = PBXFrameworksBuildPhase;
			buildActionMask = 2147483647;
			files = (
				C194182417703A2600A512EC /* SenTestingKit.framework in Frameworks */,
				C194182517703A2600A512EC /* UIKit.framework in Frameworks */,
				C194182617703A2600A512EC /* Foundation.framework in Frameworks */,
			);
			runOnlyForDeploymentPostprocessing = 0;
		};
/* End PBXFrameworksBuildPhase section */

/* Begin PBXGroup section */
		C19417F917703A2500A512EC = {
			isa = PBXGroup;
			children = (
				C194180B17703A2600A512EC /* GSUtils_iOS */,
				C194182917703A2600A512EC /* GSUtils_iOSTests */,
				C194180417703A2500A512EC /* Frameworks */,
				C194180317703A2500A512EC /* Products */,
			);
			sourceTree = "<group>";
		};
		C194180317703A2500A512EC /* Products */ = {
			isa = PBXGroup;
			children = (
				C194180217703A2500A512EC /* GSUtils_iOS.app */,
				C194182217703A2600A512EC /* GSUtils_iOSTests.octest */,
			);
			name = Products;
			sourceTree = "<group>";
		};
		C194180417703A2500A512EC /* Frameworks */ = {
			isa = PBXGroup;
			children = (
				C194180517703A2600A512EC /* UIKit.framework */,
				C194180717703A2600A512EC /* Foundation.framework */,
				C194180917703A2600A512EC /* CoreGraphics.framework */,
				C194182317703A2600A512EC /* SenTestingKit.framework */,
			);
			name = Frameworks;
			sourceTree = "<group>";
		};
		C194180B17703A2600A512EC /* GSUtils_iOS */ = {
			isa = PBXGroup;
			children = (
				C194181417703A2600A512EC /* AppDelegate.h */,
				C194181517703A2600A512EC /* AppDelegate.m */,
				C194180C17703A2600A512EC /* Supporting Files */,
			);
			path = GSUtils_iOS;
			sourceTree = "<group>";
		};
		C194180C17703A2600A512EC /* Supporting Files */ = {
			isa = PBXGroup;
			children = (
				C194180D17703A2600A512EC /* GSUtils_iOS-Info.plist */,
				C194180E17703A2600A512EC /* InfoPlist.strings */,
				C194181117703A2600A512EC /* main.m */,
				C194181317703A2600A512EC /* GSUtils_iOS-Prefix.pch */,
				C194181717703A2600A512EC /* Default.png */,
				C194181917703A2600A512EC /* Default@2x.png */,
				C194181B17703A2600A512EC /* Default-568h@2x.png */,
			);
			name = "Supporting Files";
			sourceTree = "<group>";
		};
		C194182917703A2600A512EC /* GSUtils_iOSTests */ = {
			isa = PBXGroup;
			children = (
				C194182F17703A2600A512EC /* GSUtils_iOSTests.h */,
				C194183017703A2600A512EC /* GSUtils_iOSTests.m */,
				C194182A17703A2600A512EC /* Supporting Files */,
			);
			path = GSUtils_iOSTests;
			sourceTree = "<group>";
		};
		C194182A17703A2600A512EC /* Supporting Files */ = {
			isa = PBXGroup;
			children = (
				C194182B17703A2600A512EC /* GSUtils_iOSTests-Info.plist */,
				C194182C17703A2600A512EC /* InfoPlist.strings */,
			);
			name = "Supporting Files";
			sourceTree = "<group>";
		};
/* End PBXGroup section */

/* Begin PBXNativeTarget section */
		C194180117703A2500A512EC /* GSUtils_iOS */ = {
			isa = PBXNativeTarget;
			buildConfigurationList = C194183417703A2600A512EC /* Build configuration list for PBXNativeTarget "GSUtils_iOS" */;
			buildPhases = (
				C19417FE17703A2500A512EC /* Sources */,
				C19417FF17703A2500A512EC /* Frameworks */,
				C194180017703A2500A512EC /* Resources */,
			);
			buildRules = (
			);
			dependencies = (
			);
			name = GSUtils_iOS;
			productName = GSUtils_iOS;
			productReference = C194180217703A2500A512EC /* GSUtils_iOS.app */;
			productType = "com.apple.product-type.application";
		};
		C194182117703A2600A512EC /* GSUtils_iOSTests */ = {
			isa = PBXNativeTarget;
			buildConfigurationList = C194183717703A2600A512EC /* Build configuration list for PBXNativeTarget "GSUtils_iOSTests" */;
			buildPhases = (
				C194181D17703A2600A512EC /* Sources */,
				C194181E17703A2600A512EC /* Frameworks */,
				C194181F17703A2600A512EC /* Resources */,
				C194182017703A2600A512EC /* ShellScript */,
			);
			buildRules = (
			);
			dependencies = (
				C194182817703A2600A512EC /* PBXTargetDependency */,
			);
			name = GSUtils_iOSTests;
			productName = GSUtils_iOSTests;
			productReference = C194182217703A2600A512EC /* GSUtils_iOSTests.octest */;
			productType = "com.apple.product-type.bundle";
		};
/* End PBXNativeTarget section */

/* Begin PBXProject section */
		C19417FA17703A2500A512EC /* Project object */ = {
			isa = PBXProject;
			attributes = {
				LastUpgradeCheck = 0460;
				ORGANIZATIONNAME = "Xinrong Guo";
			};
			buildConfigurationList = C19417FD17703A2500A512EC /* Build configuration list for PBXProject "GSUtils_iOS" */;
			compatibilityVersion = "Xcode 3.2";
			developmentRegion = English;
			hasScannedForEncodings = 0;
			knownRegions = (
				en,
			);
			mainGroup = C19417F917703A2500A512EC;
			productRefGroup = C194180317703A2500A512EC /* Products */;
			projectDirPath = "";
			projectRoot = "";
			targets = (
				C194180117703A2500A512EC /* GSUtils_iOS */,
				C194182117703A2600A512EC /* GSUtils_iOSTests */,
			);
		};
/* End PBXProject section */

/* Begin PBXResourcesBuildPhase section */
		C194180017703A2500A512EC /* Resources */ = {
			isa = PBXResourcesBuildPhase;
			buildActionMask = 2147483647;
			files = (
				C194181017703A2600A512EC /* InfoPlist.strings in Resources */,
				C194181817703A2600A512EC /* Default.png in Resources */,
				C194181A17703A2600A512EC /* Default@2x.png in Resources */,
				C194181C17703A2600A512EC /* Default-568h@2x.png in Resources */,
			);
			runOnlyForDeploymentPostprocessing = 0;
		};
		C194181F17703A2600A512EC /* Resources */ = {
			isa = PBXResourcesBuildPhase;
			buildActionMask = 2147483647;
			files = (
				C194182E17703A2600A512EC /* InfoPlist.strings in Resources */,
			);
			runOnlyForDeploymentPostprocessing = 0;
		};
/* End PBXResourcesBuildPhase section */

/* Begin PBXShellScriptBuildPhase section */
		C194182017703A2600A512EC /* ShellScript */ = {
			isa = PBXShellScriptBuildPhase;
			buildActionMask = 2147483647;
			files = (
			);
			inputPaths = (
			);
			outputPaths = (
			);
			runOnlyForDeploymentPostprocessing = 0;
			shellPath = /bin/sh;
			shellScript = "# Run the unit tests in this test bundle.\n\"${SYSTEM_DEVELOPER_DIR}/Tools/RunUnitTests\"\n";
		};
/* End PBXShellScriptBuildPhase section */

/* Begin PBXSourcesBuildPhase section */
		C19417FE17703A2500A512EC /* Sources */ = {
			isa = PBXSourcesBuildPhase;
			buildActionMask = 2147483647;
			files = (
				C194181217703A2600A512EC /* main.m in Sources */,
				C194181617703A2600A512EC /* AppDelegate.m in Sources */,
			);
			runOnlyForDeploymentPostprocessing = 0;
		};
		C194181D17703A2600A512EC /* Sources */ = {
			isa = PBXSourcesBuildPhase;
			buildActionMask = 2147483647;
			files = (
				C194183117703A2600A512EC /* GSUtils_iOSTests.m in Sources */,
			);
			runOnlyForDeploymentPostprocessing = 0;
		};
/* End PBXSourcesBuildPhase section */

/* Begin PBXTargetDependency section */
		C194182817703A2600A512EC /* PBXTargetDependency */ = {
			isa = PBXTargetDependency;
			target = C194180117703A2500A512EC /* GSUtils_iOS */;
			targetProxy = C194182717703A2600A512EC /* PBXContainerItemProxy */;
		};
/* End PBXTargetDependency section */

/* Begin PBXVariantGroup section */
		C194180E17703A2600A512EC /* InfoPlist.strings */ = {
			isa = PBXVariantGroup;
			children = (
				C194180F17703A2600A512EC /* en */,
			);
			name = InfoPlist.strings;
			sourceTree = "<group>";
		};
		C194182C17703A2600A512EC /* InfoPlist.strings */ = {
			isa = PBXVariantGroup;
			children = (
				C194182D17703A2600A512EC /* en */,
			);
			name = InfoPlist.strings;
			sourceTree = "<group>";
		};
/* End PBXVariantGroup section */

/* Begin XCBuildConfiguration section */
		C194183217703A2600A512EC /* Debug */ = {
			isa = XCBuildConfiguration;
			buildSettings = {
				ALWAYS_SEARCH_USER_PATHS = NO;
				CLANG_CXX_LANGUAGE_STANDARD = "gnu++0x";
				CLANG_CXX_LIBRARY = "libc++";
				CLANG_ENABLE_OBJC_ARC = YES;
				CLANG_WARN_CONSTANT_CONVERSION = YES;
				CLANG_WARN_EMPTY_BODY = YES;
				CLANG_WARN_ENUM_CONVERSION = YES;
				CLANG_WARN_INT_CONVERSION = YES;
				CLANG_WARN__DUPLICATE_METHOD_MATCH = YES;
				"CODE_SIGN_IDENTITY[sdk=iphoneos*]" = "iPhone Developer";
				COPY_PHASE_STRIP = NO;
				GCC_C_LANGUAGE_STANDARD = gnu99;
				GCC_DYNAMIC_NO_PIC = NO;
				GCC_OPTIMIZATION_LEVEL = 0;
				GCC_PREPROCESSOR_DEFINITIONS = (
					"DEBUG=1",
					"$(inherited)",
				);
				GCC_SYMBOLS_PRIVATE_EXTERN = NO;
				GCC_WARN_ABOUT_RETURN_TYPE = YES;
				GCC_WARN_UNINITIALIZED_AUTOS = YES;
				GCC_WARN_UNUSED_VARIABLE = YES;
				IPHONEOS_DEPLOYMENT_TARGET = 6.1;
				ONLY_ACTIVE_ARCH = YES;
				SDKROOT = iphoneos;
			};
			name = Debug;
		};
		C194183317703A2600A512EC /* Release */ = {
			isa = XCBuildConfiguration;
			buildSettings = {
				ALWAYS_SEARCH_USER_PATHS = NO;
				CLANG_CXX_LANGUAGE_STANDARD = "gnu++0x";
				CLANG_CXX_LIBRARY = "libc++";
				CLANG_ENABLE_OBJC_ARC = YES;
				CLANG_WARN_CONSTANT_CONVERSION = YES;
				CLANG_WARN_EMPTY_BODY = YES;
				CLANG_WARN_ENUM_CONVERSION = YES;
				CLANG_WARN_INT_CONVERSION = YES;
				CLANG_WARN__DUPLICATE_METHOD_MATCH = YES;
				"CODE_SIGN_IDENTITY[sdk=iphoneos*]" = "iPhone Developer";
				COPY_PHASE_STRIP = YES;
				GCC_C_LANGUAGE_STANDARD = gnu99;
				GCC_WARN_ABOUT_RETURN_TYPE = YES;
				GCC_WARN_UNINITIALIZED_AUTOS = YES;
				GCC_WARN_UNUSED_VARIABLE = YES;
				IPHONEOS_DEPLOYMENT_TARGET = 6.1;
				OTHER_CFLAGS = "-DNS_BLOCK_ASSERTIONS=1";
				SDKROOT = iphoneos;
				VALIDATE_PRODUCT = YES;
			};
			name = Release;
		};
		C194183517703A2600A512EC /* Debug */ = {
			isa = XCBuildConfiguration;
			buildSettings = {
				GCC_PRECOMPILE_PREFIX_HEADER = YES;
				GCC_PREFIX_HEADER = "GSUtils_iOS/GSUtils_iOS-Prefix.pch";
				INFOPLIST_FILE = "GSUtils_iOS/GSUtils_iOS-Info.plist";
				PRODUCT_NAME = "$(TARGET_NAME)";
				WRAPPER_EXTENSION = app;
			};
			name = Debug;
		};
		C194183617703A2600A512EC /* Release */ = {
			isa = XCBuildConfiguration;
			buildSettings = {
				GCC_PRECOMPILE_PREFIX_HEADER = YES;
				GCC_PREFIX_HEADER = "GSUtils_iOS/GSUtils_iOS-Prefix.pch";
				INFOPLIST_FILE = "GSUtils_iOS/GSUtils_iOS-Info.plist";
				PRODUCT_NAME = "$(TARGET_NAME)";
				WRAPPER_EXTENSION = app;
			};
			name = Release;
		};
		C194183817703A2600A512EC /* Debug */ = {
			isa = XCBuildConfiguration;
			buildSettings = {
				BUNDLE_LOADER = "$(BUILT_PRODUCTS_DIR)/GSUtils_iOS.app/GSUtils_iOS";
				FRAMEWORK_SEARCH_PATHS = (
					"\"$(SDKROOT)/Developer/Library/Frameworks\"",
					"\"$(DEVELOPER_LIBRARY_DIR)/Frameworks\"",
				);
				GCC_PRECOMPILE_PREFIX_HEADER = YES;
				GCC_PREFIX_HEADER = "GSUtils_iOS/GSUtils_iOS-Prefix.pch";
				INFOPLIST_FILE = "GSUtils_iOSTests/GSUtils_iOSTests-Info.plist";
				PRODUCT_NAME = "$(TARGET_NAME)";
				TEST_HOST = "$(BUNDLE_LOADER)";
				WRAPPER_EXTENSION = octest;
			};
			name = Debug;
		};
		C194183917703A2600A512EC /* Release */ = {
			isa = XCBuildConfiguration;
			buildSettings = {
				BUNDLE_LOADER = "$(BUILT_PRODUCTS_DIR)/GSUtils_iOS.app/GSUtils_iOS";
				FRAMEWORK_SEARCH_PATHS = (
					"\"$(SDKROOT)/Developer/Library/Frameworks\"",
					"\"$(DEVELOPER_LIBRARY_DIR)/Frameworks\"",
				);
				GCC_PRECOMPILE_PREFIX_HEADER = YES;
				GCC_PREFIX_HEADER = "GSUtils_iOS/GSUtils_iOS-Prefix.pch";
				INFOPLIST_FILE = "GSUtils_iOSTests/GSUtils_iOSTests-Info.plist";
				PRODUCT_NAME = "$(TARGET_NAME)";
				TEST_HOST = "$(BUNDLE_LOADER)";
				WRAPPER_EXTENSION = octest;
			};
			name = Release;
		};
/* End XCBuildConfiguration section */

/* Begin XCConfigurationList section */
		C19417FD17703A2500A512EC /* Build configuration list for PBXProject "GSUtils_iOS" */ = {
			isa = XCConfigurationList;
			buildConfigurations = (
				C194183217703A2600A512EC /* Debug */,
				C194183317703A2600A512EC /* Release */,
			);
			defaultConfigurationIsVisible = 0;
			defaultConfigurationName = Release;
		};
		C194183417703A2600A512EC /* Build configuration list for PBXNativeTarget "GSUtils_iOS" */ = {
			isa = XCConfigurationList;
			buildConfigurations = (
				C194183517703A2600A512EC /* Debug */,
				C194183617703A2600A512EC /* Release */,
			);
			defaultConfigurationIsVisible = 0;
		};
		C194183717703A2600A512EC /* Build configuration list for PBXNativeTarget "GSUtils_iOSTests" */ = {
			isa = XCConfigurationList;
			buildConfigurations = (
				C194183817703A2600A512EC /* Debug */,
				C194183917703A2600A512EC /* Release */,
			);
			defaultConfigurationIsVisible = 0;
		};
/* End XCConfigurationList section */
	};
	rootObject = C19417FA17703A2500A512EC /* Project object */;
}
